
Microsoft Visual Studio Solution File, Format Version 12.00
# Visual Studio Version 16
VisualStudioVersion = 16.0.31019.35
MinimumVisualStudioVersion = 10.0.40219.1
Project("{9A19103F-16F7-4668-BE54-9A1E7A4F7556}") = "DataAccess", "DataAccess\DataAccess.csproj", "{36EE5668-F990-40F9-B79A-E2C3ABF921A7}"
EndProject
Project("{9A19103F-16F7-4668-BE54-9A1E7A4F7556}") = "Business", "Business\Business.csproj", "{5C8FF1F2-BB5D-4D6F-B142-0048B2459AA9}"
EndProject
Project("{9A19103F-16F7-4668-BE54-9A1E7A4F7556}") = "Entities", "Entitiess\Entities.csproj", "{C07C0275-2AC1-4DCE-8E73-D14A5433659D}"
EndProject
Project("{9A19103F-16F7-4668-BE54-9A1E7A4F7556}") = "ConsoleUI", "ConsoleUI\ConsoleUI.csproj", "{7BBBC56E-D8B4-4907-BFD3-EA3489D4025F}"
EndProject
Project("{9A19103F-16F7-4668-BE54-9A1E7A4F7556}") = "Core", "Core\Core.csproj", "{BCA7DC0B-8E6E-4C55-A4F4-95FE271797A2}"
EndProject
Project("{FAE04EC0-301F-11D3-BF4B-00C04F79EFBC}") = "WebAPI", "WebAPI\WebAPI.csproj", "{E3872C2C-31F4-4C73-ADE4-93A35232A948}"
EndProject
Global
	GlobalSection(SolutionConfigurationPlatforms) = preSolution
		Debug|Any CPU = Debug|Any CPU
		Release|Any CPU = Release|Any CPU
	EndGlobalSection
	GlobalSection(ProjectConfigurationPlatforms) = postSolution
		{36EE5668-F990-40F9-B79A-E2C3ABF921A7}.Debug|Any CPU.ActiveCfg = Debug|Any CPU
		{36EE5668-F990-40F9-B79A-E2C3ABF921A7}.Debug|Any CPU.Build.0 = Debug|Any CPU
		{36EE5668-F990-40F9-B79A-E2C3ABF921A7}.Release|Any CPU.ActiveCfg = Release|Any CPU
		{36EE5668-F990-40F9-B79A-E2C3ABF921A7}.Release|Any CPU.Build.0 = Release|Any CPU
		{5C8FF1F2-BB5D-4D6F-B142-0048B2459AA9}.Debug|Any CPU.ActiveCfg = Debug|Any CPU
		{5C8FF1F2-BB5D-4D6F-B142-0048B2459AA9}.Debug|Any CPU.Build.0 = Debug|Any CPU
		{5C8FF1F2-BB5D-4D6F-B142-0048B2459AA9}.Release|Any CPU.ActiveCfg = Release|Any CPU
		{5C8FF1F2-BB5D-4D6F-B142-0048B2459AA9}.Release|Any CPU.Build.0 = Release|Any CPU
		{C07C0275-2AC1-4DCE-8E73-D14A5433659D}.Debug|Any CPU.ActiveCfg = Debug|Any CPU
		{C07C0275-2AC1-4DCE-8E73-D14A5433659D}.Debug|Any CPU.Build.0 = Debug|Any CPU
		{C07C0275-2AC1-4DCE-8E73-D14A5433659D}.Release|Any CPU.ActiveCfg = Release|Any CPU
		{C07C0275-2AC1-4DCE-8E73-D14A5433659D}.Release|Any CPU.Build.0 = Release|Any CPU
		{7BBBC56E-D8B4-4907-BFD3-EA3489D4025F}.Debug|Any CPU.ActiveCfg = Debug|Any CPU
		{7BBBC56E-D8B4-4907-BFD3-EA3489D4025F}.Debug|Any CPU.Build.0 = Debug|Any CPU
		{7BBBC56E-D8B4-4907-BFD3-EA3489D4025F}.Release|Any CPU.ActiveCfg = Release|Any CPU
		{7BBBC56E-D8B4-4907-BFD3-EA3489D4025F}.Release|Any CPU.Build.0 = Release|Any CPU
		{BCA7DC0B-8E6E-4C55-A4F4-95FE271797A2}.Debug|Any CPU.ActiveCfg = Debug|Any CPU
		{BCA7DC0B-8E6E-4C55-A4F4-95FE271797A2}.Debug|Any CPU.Build.0 = Debug|Any CPU
		{BCA7DC0B-8E6E-4C55-A4F4-95FE271797A2}.Release|Any CPU.ActiveCfg = Release|Any CPU
		{BCA7DC0B-8E6E-4C55-A4F4-95FE271797A2}.Release|Any CPU.Build.0 = Release|Any CPU
		{E3872C2C-31F4-4C73-ADE4-93A35232A948}.Debug|Any CPU.ActiveCfg = Debug|Any CPU
		{E3872C2C-31F4-4C73-ADE4-93A35232A948}.Debug|Any CPU.Build.0 = Debug|Any CPU
		{E3872C2C-31F4-4C73-ADE4-93A35232A948}.Release|Any CPU.ActiveCfg = Release|Any CPU
		{E3872C2C-31F4-4C73-ADE4-93A35232A948}.Release|Any CPU.Build.0 = Release|Any CPU
	EndGlobalSection
	GlobalSection(SolutionProperties) = preSolution
		HideSolutionNode = FALSE
	EndGlobalSection
	GlobalSection(ExtensibilityGlobals) = postSolution
		SolutionGuid = {23B9157A-E6F0-4586-868D-736193296B3A}
	EndGlobalSection
EndGlobal
